<?xml version="1.0" encoding="utf-8"?>
<Project ToolsVersion="4.0" xmlns="http://schemas.microsoft.com/developer/msbuild/2003">
  <ItemGroup>
    <Filter Include="Source Files">
      <UniqueIdentifier>{001f01e1-d4dc-47b2-9e60-35c462b36889}</UniqueIdentifier>
    </Filter>
    <Filter Include="Generated Files">
      <UniqueIdentifier>{a3546c91-d00b-4bb8-8acc-4a3650bbb66f}</UniqueIdentifier>
      <SourceControlFiles>False</SourceControlFiles>
    </Filter>
  </ItemGroup>
  <ItemGroup>
    <None Include="TextSearchATLps.def" />
  </ItemGroup>
  <ItemGroup>
    <ClCompile Include="TextSearchATL_i.c">
      <Filter>Generated Files</Filter>
    </ClCompile>
    <ClCompile Include="TextSearchATL_p.c">
      <Filter>Generated Files</Filter>
    </ClCompile>
    <ClCompile Include="dlldata.c">
      <Filter>Generated Files</Filter>
    </ClCompile>
  </ItemGroup>
</Project>