
Microsoft Visual Studio Solution File, Format Version 12.00
# Visual Studio 15
VisualStudioVersion = 15.0.28307.539
MinimumVisualStudioVersion = 10.0.40219.1
Project("{8BC9CEB8-8B4A-11D0-8D11-00A0C91BC942}") = "FileMgrATL", "FileMgrATL\FileMgrATL.vcxproj", "{63894E12-A0FE-4EE9-BDDF-C61B919FF531}"
EndProject
Project("{8BC9CEB8-8B4A-11D0-8D11-00A0C91BC942}") = "TextSearchATL", "TextSearchATL\TextSearchATL.vcxproj", "{6D411D0C-A368-40DC-B099-3659E0F5F7E4}"
EndProject
Project("{8BC9CEB8-8B4A-11D0-8D11-00A0C91BC942}") = "CppClient", "CppClient\CppClient.vcxproj", "{C7F68B92-8FF7-4BF0-B919-286F3FA7111A}"
EndProject
Project("{8BC9CEB8-8B4A-11D0-8D11-00A0C91BC942}") = "CodeUtilities", "CodeUtilities\CodeUtilities.vcxproj", "{D6E40902-7A6C-4AF9-B69A-68E7B80B722C}"
EndProject
Project("{8BC9CEB8-8B4A-11D0-8D11-00A0C91BC942}") = "StringUtilities", "StringUtilities\Utilities.vcxproj", "{462B43B2-8B13-4178-BF2A-903F76F1985C}"
EndProject
Project("{FAE04EC0-301F-11D3-BF4B-00C04F79EFBC}") = "CsHelper", "CsHelper\CsHelper.csproj", "{DA7C7312-C4FD-482A-9B77-BE9F9488BA25}"
EndProject
Project("{2150E333-8FDC-42A3-9474-1A3956D46DE8}") = "Solution Items", "Solution Items", "{6ECCE107-FF10-4BF2-B6E9-CE66DA103B68}"
	ProjectSection(SolutionItems) = preProject
		ReadMe - Windows.txt = ReadMe - Windows.txt
	EndProjectSection
EndProject
Global
	GlobalSection(SolutionConfigurationPlatforms) = preSolution
		Debug|Any CPU = Debug|Any CPU
		Debug|x64 = Debug|x64
		Debug|x86 = Debug|x86
		Release|Any CPU = Release|Any CPU
		Release|x64 = Release|x64
		Release|x86 = Release|x86
	EndGlobalSection
	GlobalSection(ProjectConfigurationPlatforms) = postSolution
		{63894E12-A0FE-4EE9-BDDF-C61B919FF531}.Debug|Any CPU.ActiveCfg = Debug|Win32
		{63894E12-A0FE-4EE9-BDDF-C61B919FF531}.Debug|x64.ActiveCfg = Debug|x64
		{63894E12-A0FE-4EE9-BDDF-C61B919FF531}.Debug|x64.Build.0 = Debug|x64
		{63894E12-A0FE-4EE9-BDDF-C61B919FF531}.Debug|x86.ActiveCfg = Debug|Win32
		{63894E12-A0FE-4EE9-BDDF-C61B919FF531}.Debug|x86.Build.0 = Debug|Win32
		{63894E12-A0FE-4EE9-BDDF-C61B919FF531}.Release|Any CPU.ActiveCfg = Release|Win32
		{63894E12-A0FE-4EE9-BDDF-C61B919FF531}.Release|x64.ActiveCfg = Release|x64
		{63894E12-A0FE-4EE9-BDDF-C61B919FF531}.Release|x64.Build.0 = Release|x64
		{63894E12-A0FE-4EE9-BDDF-C61B919FF531}.Release|x86.ActiveCfg = Release|Win32
		{63894E12-A0FE-4EE9-BDDF-C61B919FF531}.Release|x86.Build.0 = Release|Win32
		{6D411D0C-A368-40DC-B099-3659E0F5F7E4}.Debug|Any CPU.ActiveCfg = Debug|Win32
		{6D411D0C-A368-40DC-B099-3659E0F5F7E4}.Debug|x64.ActiveCfg = Debug|x64
		{6D411D0C-A368-40DC-B099-3659E0F5F7E4}.Debug|x64.Build.0 = Debug|x64
		{6D411D0C-A368-40DC-B099-3659E0F5F7E4}.Debug|x86.ActiveCfg = Debug|Win32
		{6D411D0C-A368-40DC-B099-3659E0F5F7E4}.Debug|x86.Build.0 = Debug|Win32
		{6D411D0C-A368-40DC-B099-3659E0F5F7E4}.Release|Any CPU.ActiveCfg = Release|Win32
		{6D411D0C-A368-40DC-B099-3659E0F5F7E4}.Release|x64.ActiveCfg = Release|x64
		{6D411D0C-A368-40DC-B099-3659E0F5F7E4}.Release|x64.Build.0 = Release|x64
		{6D411D0C-A368-40DC-B099-3659E0F5F7E4}.Release|x86.ActiveCfg = Release|Win32
		{6D411D0C-A368-40DC-B099-3659E0F5F7E4}.Release|x86.Build.0 = Release|Win32
		{C7F68B92-8FF7-4BF0-B919-286F3FA7111A}.Debug|Any CPU.ActiveCfg = Debug|Win32
		{C7F68B92-8FF7-4BF0-B919-286F3FA7111A}.Debug|x64.ActiveCfg = Debug|x64
		{C7F68B92-8FF7-4BF0-B919-286F3FA7111A}.Debug|x64.Build.0 = Debug|x64
		{C7F68B92-8FF7-4BF0-B919-286F3FA7111A}.Debug|x86.ActiveCfg = Debug|Win32
		{C7F68B92-8FF7-4BF0-B919-286F3FA7111A}.Debug|x86.Build.0 = Debug|Win32
		{C7F68B92-8FF7-4BF0-B919-286F3FA7111A}.Release|Any CPU.ActiveCfg = Release|Win32
		{C7F68B92-8FF7-4BF0-B919-286F3FA7111A}.Release|x64.ActiveCfg = Release|x64
		{C7F68B92-8FF7-4BF0-B919-286F3FA7111A}.Release|x64.Build.0 = Release|x64
		{C7F68B92-8FF7-4BF0-B919-286F3FA7111A}.Release|x86.ActiveCfg = Release|Win32
		{C7F68B92-8FF7-4BF0-B919-286F3FA7111A}.Release|x86.Build.0 = Release|Win32
		{D6E40902-7A6C-4AF9-B69A-68E7B80B722C}.Debug|Any CPU.ActiveCfg = Debug|Win32
		{D6E40902-7A6C-4AF9-B69A-68E7B80B722C}.Debug|x64.ActiveCfg = Debug|x64
		{D6E40902-7A6C-4AF9-B69A-68E7B80B722C}.Debug|x64.Build.0 = Debug|x64
		{D6E40902-7A6C-4AF9-B69A-68E7B80B722C}.Debug|x86.ActiveCfg = Debug|Win32
		{D6E40902-7A6C-4AF9-B69A-68E7B80B722C}.Debug|x86.Build.0 = Debug|Win32
		{D6E40902-7A6C-4AF9-B69A-68E7B80B722C}.Release|Any CPU.ActiveCfg = Release|Win32
		{D6E40902-7A6C-4AF9-B69A-68E7B80B722C}.Release|x64.ActiveCfg = Release|x64
		{D6E40902-7A6C-4AF9-B69A-68E7B80B722C}.Release|x64.Build.0 = Release|x64
		{D6E40902-7A6C-4AF9-B69A-68E7B80B722C}.Release|x86.ActiveCfg = Release|Win32
		{D6E40902-7A6C-4AF9-B69A-68E7B80B722C}.Release|x86.Build.0 = Release|Win32
		{462B43B2-8B13-4178-BF2A-903F76F1985C}.Debug|Any CPU.ActiveCfg = Debug|Win32
		{462B43B2-8B13-4178-BF2A-903F76F1985C}.Debug|x64.ActiveCfg = Debug|x64
		{462B43B2-8B13-4178-BF2A-903F76F1985C}.Debug|x64.Build.0 = Debug|x64
		{462B43B2-8B13-4178-BF2A-903F76F1985C}.Debug|x86.ActiveCfg = Debug|Win32
		{462B43B2-8B13-4178-BF2A-903F76F1985C}.Debug|x86.Build.0 = Debug|Win32
		{462B43B2-8B13-4178-BF2A-903F76F1985C}.Release|Any CPU.ActiveCfg = Release|Win32
		{462B43B2-8B13-4178-BF2A-903F76F1985C}.Release|x64.ActiveCfg = Release|x64
		{462B43B2-8B13-4178-BF2A-903F76F1985C}.Release|x64.Build.0 = Release|x64
		{462B43B2-8B13-4178-BF2A-903F76F1985C}.Release|x86.ActiveCfg = Release|Win32
		{462B43B2-8B13-4178-BF2A-903F76F1985C}.Release|x86.Build.0 = Release|Win32
		{DA7C7312-C4FD-482A-9B77-BE9F9488BA25}.Debug|Any CPU.ActiveCfg = Debug|Any CPU
		{DA7C7312-C4FD-482A-9B77-BE9F9488BA25}.Debug|Any CPU.Build.0 = Debug|Any CPU
		{DA7C7312-C4FD-482A-9B77-BE9F9488BA25}.Debug|x64.ActiveCfg = Debug|Any CPU
		{DA7C7312-C4FD-482A-9B77-BE9F9488BA25}.Debug|x64.Build.0 = Debug|Any CPU
		{DA7C7312-C4FD-482A-9B77-BE9F9488BA25}.Debug|x86.ActiveCfg = Debug|Any CPU
		{DA7C7312-C4FD-482A-9B77-BE9F9488BA25}.Debug|x86.Build.0 = Debug|Any CPU
		{DA7C7312-C4FD-482A-9B77-BE9F9488BA25}.Release|Any CPU.ActiveCfg = Release|Any CPU
		{DA7C7312-C4FD-482A-9B77-BE9F9488BA25}.Release|Any CPU.Build.0 = Release|Any CPU
		{DA7C7312-C4FD-482A-9B77-BE9F9488BA25}.Release|x64.ActiveCfg = Release|Any CPU
		{DA7C7312-C4FD-482A-9B77-BE9F9488BA25}.Release|x64.Build.0 = Release|Any CPU
		{DA7C7312-C4FD-482A-9B77-BE9F9488BA25}.Release|x86.ActiveCfg = Release|Any CPU
		{DA7C7312-C4FD-482A-9B77-BE9F9488BA25}.Release|x86.Build.0 = Release|Any CPU
	EndGlobalSection
	GlobalSection(SolutionProperties) = preSolution
		HideSolutionNode = FALSE
	EndGlobalSection
	GlobalSection(ExtensibilityGlobals) = postSolution
		SolutionGuid = {0FC81772-8D30-429C-B2C2-AF4F942E2338}
	EndGlobalSection
EndGlobal
