<?xml version="1.0" encoding="utf-8"?>
<Project ToolsVersion="4.0" xmlns="http://schemas.microsoft.com/developer/msbuild/2003">
  <ItemGroup>
    <Filter Include="Source Files">
      <UniqueIdentifier>{1ac951d0-a7a7-4ff5-9915-2c138780fc9c}</UniqueIdentifier>
    </Filter>
    <Filter Include="Generated Files">
      <UniqueIdentifier>{ebe8d1f9-6324-44bb-9a09-215eef81d3f2}</UniqueIdentifier>
      <SourceControlFiles>False</SourceControlFiles>
    </Filter>
  </ItemGroup>
  <ItemGroup>
    <None Include="FileMgrATLps.def" />
  </ItemGroup>
  <ItemGroup>
    <ClCompile Include="FileMgrATL_i.c">
      <Filter>Generated Files</Filter>
    </ClCompile>
    <ClCompile Include="FileMgrATL_p.c">
      <Filter>Generated Files</Filter>
    </ClCompile>
    <ClCompile Include="dlldata.c">
      <Filter>Generated Files</Filter>
    </ClCompile>
  </ItemGroup>
</Project>